
Microsoft Visual Studio Solution File, Format Version 12.00
# Visual Studio Version 17
VisualStudioVersion = 17.9.34728.123
MinimumVisualStudioVersion = 10.0.40219.1
Project("{FAE04EC0-301F-11D3-BF4B-00C04F79EFBC}") = "NZWalks.API", "NZWalks.API\NZWalks.API.csproj", "{DBF7D157-A496-45FB-A092-D7320AA11A3A}"
EndProject
Global
	GlobalSection(SolutionConfigurationPlatforms) = preSolution
		Debug|Any CPU = Debug|Any CPU
		Release|Any CPU = Release|Any CPU
	EndGlobalSection
	GlobalSection(ProjectConfigurationPlatforms) = postSolution
		{DBF7D157-A496-45FB-A092-D7320AA11A3A}.Debug|Any CPU.ActiveCfg = Debug|Any CPU
		{DBF7D157-A496-45FB-A092-D7320AA11A3A}.Debug|Any CPU.Build.0 = Debug|Any CPU
		{DBF7D157-A496-45FB-A092-D7320AA11A3A}.Release|Any CPU.ActiveCfg = Release|Any CPU
		{DBF7D157-A496-45FB-A092-D7320AA11A3A}.Release|Any CPU.Build.0 = Release|Any CPU
	EndGlobalSection
	GlobalSection(SolutionProperties) = preSolution
		HideSolutionNode = FALSE
	EndGlobalSection
	GlobalSection(ExtensibilityGlobals) = postSolution
		SolutionGuid = {DF8C9F88-4EDE-42D3-BD96-035322E56838}
	EndGlobalSection
EndGlobal
